// !$*UTF8*$!
{
	archiveVersion = 1;
	classes = {
	};
	objectVersion = 46;
	objects = {

/* Begin PBXFileReference section */
		031B0BE519EE28D2008F13AB /* ATRQuizViewController.h */ = {isa = PBXFileReference; lastKnownFileType = sourcecode.c.h; path = ATRQuizViewController.h; sourceTree = "<group>"; };
		031B0BE619EE28D2008F13AB /* ATRQuizViewController.m */ = {isa = PBXFileReference; lastKnownFileType = sourcecode.c.objc; path = ATRQuizViewController.m; sourceTree = "<group>"; };
		031B0BE719EE28D2008F13AB /* ATRQuizViewController.xib */ = {isa = PBXFileReference; lastKnownFileType = file.xib; path = ATRQuizViewController.xib; sourceTree = "<group>"; };
		03292EEA19EE36580074DEEE /* AppDelegate.h */ = {isa = PBXFileReference; lastKnownFileType = sourcecode.c.h; path = AppDelegate.h; sourceTree = "<group>"; };
		03292EEB19EE36580074DEEE /* AppDelegate.m */ = {isa = PBXFileReference; lastKnownFileType = sourcecode.c.objc; path = AppDelegate.m; sourceTree = "<group>"; };
/* End PBXFileReference section */

/* Begin PBXGroup section */
		031B0BDE19EE28B3008F13AB = {
			isa = PBXGroup;
			children = (
				031B0BE519EE28D2008F13AB /* ATRQuizViewController.h */,
				031B0BE619EE28D2008F13AB /* ATRQuizViewController.m */,
				031B0BE719EE28D2008F13AB /* ATRQuizViewController.xib */,
				03292EEA19EE36580074DEEE /* AppDelegate.h */,
				03292EEB19EE36580074DEEE /* AppDelegate.m */,
			);
			sourceTree = "<group>";
		};
/* End PBXGroup section */

/* Begin PBXProject section */
		031B0BDF19EE28B3008F13AB /* Project object */ = {
			isa = PBXProject;
			attributes = {
				LastUpgradeCheck = 0610;
			};
			buildConfigurationList = 031B0BE219EE28B3008F13AB /* Build configuration list for PBXProject "ATRQuizGame" */;
			compatibilityVersion = "Xcode 3.2";
			developmentRegion = English;
			hasScannedForEncodings = 0;
			knownRegions = (
				en,
			);
			mainGroup = 031B0BDE19EE28B3008F13AB;
			projectDirPath = "";
			projectRoot = "";
			targets = (
			);
		};
/* End PBXProject section */

/* Begin XCBuildConfiguration section */
		031B0BE319EE28B3008F13AB /* Debug */ = {
			isa = XCBuildConfiguration;
			buildSettings = {
			};
			name = Debug;
		};
		031B0BE419EE28B3008F13AB /* Release */ = {
			isa = XCBuildConfiguration;
			buildSettings = {
			};
			name = Release;
		};
/* End XCBuildConfiguration section */

/* Begin XCConfigurationList section */
		031B0BE219EE28B3008F13AB /* Build configuration list for PBXProject "ATRQuizGame" */ = {
			isa = XCConfigurationList;
			buildConfigurations = (
				031B0BE319EE28B3008F13AB /* Debug */,
				031B0BE419EE28B3008F13AB /* Release */,
			);
			defaultConfigurationIsVisible = 0;
			defaultConfigurationName = Release;
		};
/* End XCConfigurationList section */
	};
	rootObject = 031B0BDF19EE28B3008F13AB /* Project object */;
}
